
Microsoft Visual Studio Solution File, Format Version 12.00
# Visual Studio Version 16
VisualStudioVersion = 16.0.31624.102
MinimumVisualStudioVersion = 10.0.40219.1
Project("{2150E333-8FDC-42A3-9474-1A3956D46DE8}") = "1 Layers", "1 Layers", "{4F18D398-2F55-467F-9A06-83C8B180D8A6}"
EndProject
Project("{2150E333-8FDC-42A3-9474-1A3956D46DE8}") = "1.1 Presentation", "1.1 Presentation", "{07BA2621-F8BF-4542-8C9C-DA4048F3B606}"
EndProject
Project("{2150E333-8FDC-42A3-9474-1A3956D46DE8}") = "1.2 Aplication", "1.2 Aplication", "{4CA44EBB-1FEB-4762-A413-47DCE92A4CB6}"
EndProject
Project("{2150E333-8FDC-42A3-9474-1A3956D46DE8}") = "1.3 Domain", "1.3 Domain", "{96143159-F7E1-42B7-97ED-FB8330B4CDC4}"
EndProject
Project("{2150E333-8FDC-42A3-9474-1A3956D46DE8}") = "1.5 Infrastructure", "1.5 Infrastructure", "{5269A51B-7A10-4934-A3EF-E4321A88519E}"
EndProject
Project("{9A19103F-16F7-4668-BE54-9A1E7A4F7556}") = "PayRoll.API", "1 Layers\1.1 Presentation\PayRoll.API\PayRoll.API.csproj", "{AA4EB5EF-92A6-4AA6-B2E4-00DF6EDAEB8C}"
EndProject
Project("{2150E333-8FDC-42A3-9474-1A3956D46DE8}") = "1.4 Persistence", "1.4 Persistence", "{CC57C50F-B584-4204-B636-408198E8BC5C}"
EndProject
Project("{FAE04EC0-301F-11D3-BF4B-00C04F79EFBC}") = "PayRoll.Aplication.DTO", "1 Layers\1.2 Aplication\PayRoll.Aplication.DTO\PayRoll.Aplication.DTO.csproj", "{C5530F1E-FC67-4F38-9662-705D2DD59959}"
EndProject
Project("{FAE04EC0-301F-11D3-BF4B-00C04F79EFBC}") = "PayRoll.Domain", "1 Layers\1.3 Domain\PayRoll.Domain\PayRoll.Domain.csproj", "{85703E1F-C2A4-4A57-A020-C955A61202F7}"
EndProject
Project("{FAE04EC0-301F-11D3-BF4B-00C04F79EFBC}") = "PayRoll.Infrastructure", "1 Layers\1.5 Infrastructure\PayRoll.Infrastructure\PayRoll.Infrastructure.csproj", "{2FDB2344-A07E-4A7C-BB51-1BC5D810F0C2}"
EndProject
Project("{FAE04EC0-301F-11D3-BF4B-00C04F79EFBC}") = "PayRoll.Persistence", "1 Layers\1.4 Persistence\PayRoll.Persistence\PayRoll.Persistence.csproj", "{8D4208BB-8908-40E3-984C-426BF7EC95AC}"
EndProject
Project("{2150E333-8FDC-42A3-9474-1A3956D46DE8}") = "2 Tests", "2 Tests", "{27DBC29D-19DD-4036-A337-1486899B81AC}"
EndProject
Project("{2150E333-8FDC-42A3-9474-1A3956D46DE8}") = "2.1 UnitTest", "2.1 UnitTest", "{A9D8B876-CA1F-4BFD-BC1F-ED1D8CFD3F9E}"
EndProject
Project("{2150E333-8FDC-42A3-9474-1A3956D46DE8}") = "2.2 UnitIntegration", "2.2 UnitIntegration", "{F463CA50-4BD2-4FD7-8B08-3A5BF81434DC}"
EndProject
Project("{FAE04EC0-301F-11D3-BF4B-00C04F79EFBC}") = "PayRoll.UnitTest", "2 Tests\2.1 UnitTest\PayRoll.UnitTest\PayRoll.UnitTest.csproj", "{0CF544FE-ECC7-4A7D-96E6-1216A231BC0C}"
EndProject
Project("{FAE04EC0-301F-11D3-BF4B-00C04F79EFBC}") = "PayRoll.IntegrationTest", "2 Tests\2.2 UnitIntegration\PayRoll.IntegrationTest\PayRoll.IntegrationTest.csproj", "{05B65332-32D9-4FC0-8E45-D4A3F3FCCF7E}"
EndProject
Global
	GlobalSection(SolutionConfigurationPlatforms) = preSolution
		Debug|Any CPU = Debug|Any CPU
		Release|Any CPU = Release|Any CPU
	EndGlobalSection
	GlobalSection(ProjectConfigurationPlatforms) = postSolution
		{AA4EB5EF-92A6-4AA6-B2E4-00DF6EDAEB8C}.Debug|Any CPU.ActiveCfg = Debug|Any CPU
		{AA4EB5EF-92A6-4AA6-B2E4-00DF6EDAEB8C}.Debug|Any CPU.Build.0 = Debug|Any CPU
		{AA4EB5EF-92A6-4AA6-B2E4-00DF6EDAEB8C}.Release|Any CPU.ActiveCfg = Release|Any CPU
		{AA4EB5EF-92A6-4AA6-B2E4-00DF6EDAEB8C}.Release|Any CPU.Build.0 = Release|Any CPU
		{C5530F1E-FC67-4F38-9662-705D2DD59959}.Debug|Any CPU.ActiveCfg = Debug|Any CPU
		{C5530F1E-FC67-4F38-9662-705D2DD59959}.Debug|Any CPU.Build.0 = Debug|Any CPU
		{C5530F1E-FC67-4F38-9662-705D2DD59959}.Release|Any CPU.ActiveCfg = Release|Any CPU
		{C5530F1E-FC67-4F38-9662-705D2DD59959}.Release|Any CPU.Build.0 = Release|Any CPU
		{85703E1F-C2A4-4A57-A020-C955A61202F7}.Debug|Any CPU.ActiveCfg = Debug|Any CPU
		{85703E1F-C2A4-4A57-A020-C955A61202F7}.Debug|Any CPU.Build.0 = Debug|Any CPU
		{85703E1F-C2A4-4A57-A020-C955A61202F7}.Release|Any CPU.ActiveCfg = Release|Any CPU
		{85703E1F-C2A4-4A57-A020-C955A61202F7}.Release|Any CPU.Build.0 = Release|Any CPU
		{2FDB2344-A07E-4A7C-BB51-1BC5D810F0C2}.Debug|Any CPU.ActiveCfg = Debug|Any CPU
		{2FDB2344-A07E-4A7C-BB51-1BC5D810F0C2}.Debug|Any CPU.Build.0 = Debug|Any CPU
		{2FDB2344-A07E-4A7C-BB51-1BC5D810F0C2}.Release|Any CPU.ActiveCfg = Release|Any CPU
		{2FDB2344-A07E-4A7C-BB51-1BC5D810F0C2}.Release|Any CPU.Build.0 = Release|Any CPU
		{8D4208BB-8908-40E3-984C-426BF7EC95AC}.Debug|Any CPU.ActiveCfg = Debug|Any CPU
		{8D4208BB-8908-40E3-984C-426BF7EC95AC}.Debug|Any CPU.Build.0 = Debug|Any CPU
		{8D4208BB-8908-40E3-984C-426BF7EC95AC}.Release|Any CPU.ActiveCfg = Release|Any CPU
		{8D4208BB-8908-40E3-984C-426BF7EC95AC}.Release|Any CPU.Build.0 = Release|Any CPU
		{0CF544FE-ECC7-4A7D-96E6-1216A231BC0C}.Debug|Any CPU.ActiveCfg = Debug|Any CPU
		{0CF544FE-ECC7-4A7D-96E6-1216A231BC0C}.Debug|Any CPU.Build.0 = Debug|Any CPU
		{0CF544FE-ECC7-4A7D-96E6-1216A231BC0C}.Release|Any CPU.ActiveCfg = Release|Any CPU
		{0CF544FE-ECC7-4A7D-96E6-1216A231BC0C}.Release|Any CPU.Build.0 = Release|Any CPU
		{05B65332-32D9-4FC0-8E45-D4A3F3FCCF7E}.Debug|Any CPU.ActiveCfg = Debug|Any CPU
		{05B65332-32D9-4FC0-8E45-D4A3F3FCCF7E}.Debug|Any CPU.Build.0 = Debug|Any CPU
		{05B65332-32D9-4FC0-8E45-D4A3F3FCCF7E}.Release|Any CPU.ActiveCfg = Release|Any CPU
		{05B65332-32D9-4FC0-8E45-D4A3F3FCCF7E}.Release|Any CPU.Build.0 = Release|Any CPU
	EndGlobalSection
	GlobalSection(SolutionProperties) = preSolution
		HideSolutionNode = FALSE
	EndGlobalSection
	GlobalSection(NestedProjects) = preSolution
		{07BA2621-F8BF-4542-8C9C-DA4048F3B606} = {4F18D398-2F55-467F-9A06-83C8B180D8A6}
		{4CA44EBB-1FEB-4762-A413-47DCE92A4CB6} = {4F18D398-2F55-467F-9A06-83C8B180D8A6}
		{96143159-F7E1-42B7-97ED-FB8330B4CDC4} = {4F18D398-2F55-467F-9A06-83C8B180D8A6}
		{5269A51B-7A10-4934-A3EF-E4321A88519E} = {4F18D398-2F55-467F-9A06-83C8B180D8A6}
		{AA4EB5EF-92A6-4AA6-B2E4-00DF6EDAEB8C} = {07BA2621-F8BF-4542-8C9C-DA4048F3B606}
		{CC57C50F-B584-4204-B636-408198E8BC5C} = {4F18D398-2F55-467F-9A06-83C8B180D8A6}
		{C5530F1E-FC67-4F38-9662-705D2DD59959} = {4CA44EBB-1FEB-4762-A413-47DCE92A4CB6}
		{85703E1F-C2A4-4A57-A020-C955A61202F7} = {96143159-F7E1-42B7-97ED-FB8330B4CDC4}
		{2FDB2344-A07E-4A7C-BB51-1BC5D810F0C2} = {5269A51B-7A10-4934-A3EF-E4321A88519E}
		{8D4208BB-8908-40E3-984C-426BF7EC95AC} = {CC57C50F-B584-4204-B636-408198E8BC5C}
		{A9D8B876-CA1F-4BFD-BC1F-ED1D8CFD3F9E} = {27DBC29D-19DD-4036-A337-1486899B81AC}
		{F463CA50-4BD2-4FD7-8B08-3A5BF81434DC} = {27DBC29D-19DD-4036-A337-1486899B81AC}
		{0CF544FE-ECC7-4A7D-96E6-1216A231BC0C} = {A9D8B876-CA1F-4BFD-BC1F-ED1D8CFD3F9E}
		{05B65332-32D9-4FC0-8E45-D4A3F3FCCF7E} = {F463CA50-4BD2-4FD7-8B08-3A5BF81434DC}
	EndGlobalSection
	GlobalSection(ExtensibilityGlobals) = postSolution
		SolutionGuid = {B76E2772-4799-4D8C-ACC2-670A1C3F48D7}
	EndGlobalSection
EndGlobal
